// !$*UTF8*$!
{
	archiveVersion = 1;
	classes = {
	};
	objectVersion = 42;
	objects = {

/* Begin PBXBuildFile section */
		270B1F7F10DF06DE006ACB12 /* CBAppController.m in Sources */ = {isa = PBXBuildFile; fileRef = 270B1F7810DF06DE006ACB12 /* CBAppController.m */; };
		270B1F8010DF06DE006ACB12 /* CBMenuController.m in Sources */ = {isa = PBXBuildFile; fileRef = 270B1F7A10DF06DE006ACB12 /* CBMenuController.m */; };
		270B1F8110DF06DE006ACB12 /* CBPrefController.m in Sources */ = {isa = PBXBuildFile; fileRef = 270B1F7C10DF06DE006ACB12 /* CBPrefController.m */; };
		270B1F8210DF06DE006ACB12 /* CBRGBColor.m in Sources */ = {isa = PBXBuildFile; fileRef = 270B1F7E10DF06DE006ACB12 /* CBRGBColor.m */; };
		272A4B730826BBC900323BA1 /* icon.icns in Resources */ = {isa = PBXBuildFile; fileRef = 272A4B720826BBC800323BA1 /* icon.icns */; };
		27392B9B0B77F1D10024ADA4 /* CHANGELOG.txt in Resources */ = {isa = PBXBuildFile; fileRef = 27392B9A0B77F1D10024ADA4 /* CHANGELOG.txt */; };
		27C964340B89F9F200BC88FF /* Preferences.nib in Resources */ = {isa = PBXBuildFile; fileRef = 27C964330B89F9F200BC88FF /* Preferences.nib */; };
		27CB0AC308295DF70020B1CF /* gpl.txt in Resources */ = {isa = PBXBuildFile; fileRef = 27CB0AC208295DF70020B1CF /* gpl.txt */; };
		8D11072A0486CEB800E47090 /* MainMenu.nib in Resources */ = {isa = PBXBuildFile; fileRef = 29B97318FDCFA39411CA2CEA /* MainMenu.nib */; };
		8D11072B0486CEB800E47090 /* InfoPlist.strings in Resources */ = {isa = PBXBuildFile; fileRef = 089C165CFE840E0CC02AAC07 /* InfoPlist.strings */; };
		8D11072D0486CEB800E47090 /* main.m in Sources */ = {isa = PBXBuildFile; fileRef = 29B97316FDCFA39411CA2CEA /* main.m */; settings = {ATTRIBUTES = (); }; };
		8D11072F0486CEB800E47090 /* Cocoa.framework in Frameworks */ = {isa = PBXBuildFile; fileRef = 1058C7A1FEA54F0111CA2CBB /* Cocoa.framework */; };
/* End PBXBuildFile section */

/* Begin PBXFileReference section */
		089C165DFE840E0CC02AAC07 /* English */ = {isa = PBXFileReference; fileEncoding = 10; lastKnownFileType = text.plist.strings; name = English; path = English.lproj/InfoPlist.strings; sourceTree = "<group>"; };
		1058C7A1FEA54F0111CA2CBB /* Cocoa.framework */ = {isa = PBXFileReference; lastKnownFileType = wrapper.framework; name = Cocoa.framework; path = /System/Library/Frameworks/Cocoa.framework; sourceTree = "<absolute>"; };
		270B1F7710DF06DE006ACB12 /* CBAppController.h */ = {isa = PBXFileReference; fileEncoding = 4; lastKnownFileType = sourcecode.c.h; name = CBAppController.h; path = Source/CBAppController.h; sourceTree = "<group>"; };
		270B1F7810DF06DE006ACB12 /* CBAppController.m */ = {isa = PBXFileReference; fileEncoding = 4; lastKnownFileType = sourcecode.c.objc; name = CBAppController.m; path = Source/CBAppController.m; sourceTree = "<group>"; };
		270B1F7910DF06DE006ACB12 /* CBMenuController.h */ = {isa = PBXFileReference; fileEncoding = 4; lastKnownFileType = sourcecode.c.h; name = CBMenuController.h; path = Source/CBMenuController.h; sourceTree = "<group>"; };
		270B1F7A10DF06DE006ACB12 /* CBMenuController.m */ = {isa = PBXFileReference; fileEncoding = 4; lastKnownFileType = sourcecode.c.objc; name = CBMenuController.m; path = Source/CBMenuController.m; sourceTree = "<group>"; };
		270B1F7B10DF06DE006ACB12 /* CBPrefController.h */ = {isa = PBXFileReference; fileEncoding = 4; lastKnownFileType = sourcecode.c.h; name = CBPrefController.h; path = Source/CBPrefController.h; sourceTree = "<group>"; };
		270B1F7C10DF06DE006ACB12 /* CBPrefController.m */ = {isa = PBXFileReference; fileEncoding = 4; lastKnownFileType = sourcecode.c.objc; name = CBPrefController.m; path = Source/CBPrefController.m; sourceTree = "<group>"; };
		270B1F7D10DF06DE006ACB12 /* CBRGBColor.h */ = {isa = PBXFileReference; fileEncoding = 4; lastKnownFileType = sourcecode.c.h; name = CBRGBColor.h; path = Source/CBRGBColor.h; sourceTree = "<group>"; };
		270B1F7E10DF06DE006ACB12 /* CBRGBColor.m */ = {isa = PBXFileReference; fileEncoding = 4; lastKnownFileType = sourcecode.c.objc; name = CBRGBColor.m; path = Source/CBRGBColor.m; sourceTree = "<group>"; };
		272A4B720826BBC800323BA1 /* icon.icns */ = {isa = PBXFileReference; explicitFileType = image.icns; name = icon.icns; path = Resources/Images/icon.icns; sourceTree = "<group>"; };
		27392B9A0B77F1D10024ADA4 /* CHANGELOG.txt */ = {isa = PBXFileReference; fileEncoding = 4; lastKnownFileType = text; name = CHANGELOG.txt; path = Resources/Release/CHANGELOG.txt; sourceTree = "<group>"; };
		275463B00B5D2639002427BD /* Credits.rtf */ = {isa = PBXFileReference; lastKnownFileType = text.rtf; name = Credits.rtf; path = Resources/Release/Credits.rtf; sourceTree = "<group>"; };
		27C964280B89F98E00BC88FF /* French */ = {isa = PBXFileReference; lastKnownFileType = wrapper.nib; name = French; path = French.lproj/MainMenu.nib; sourceTree = "<group>"; };
		27C964370B89FA0700BC88FF /* French */ = {isa = PBXFileReference; lastKnownFileType = wrapper.nib; name = French; path = French.lproj/Preferences.nib; sourceTree = "<group>"; };
		27CB0AA308295C650020B1CF /* Credits.rtf */ = {isa = PBXFileReference; lastKnownFileType = text.rtf; path = Credits.rtf; sourceTree = "<group>"; };
		27CB0AC208295DF70020B1CF /* gpl.txt */ = {isa = PBXFileReference; fileEncoding = 30; lastKnownFileType = text; path = gpl.txt; sourceTree = "<group>"; };
		29B97316FDCFA39411CA2CEA /* main.m */ = {isa = PBXFileReference; fileEncoding = 4; lastKnownFileType = sourcecode.c.objc; name = main.m; path = Source/main.m; sourceTree = "<group>"; };
		29B97319FDCFA39411CA2CEA /* English */ = {isa = PBXFileReference; lastKnownFileType = wrapper.nib; name = English; path = English.lproj/MainMenu.nib; sourceTree = "<group>"; };
		32CA4F630368D1EE00C91783 /* ColorBlender_Prefix.pch */ = {isa = PBXFileReference; fileEncoding = 4; lastKnownFileType = sourcecode.c.h; name = ColorBlender_Prefix.pch; path = Source/ColorBlender_Prefix.pch; sourceTree = "<group>"; };
		4C72A93B080A951D00F4D8B9 /* English */ = {isa = PBXFileReference; lastKnownFileType = wrapper.nib; name = English; path = English.lproj/Preferences.nib; sourceTree = "<group>"; };
		8D1107310486CEB800E47090 /* Info.plist */ = {isa = PBXFileReference; fileEncoding = 4; lastKnownFileType = text.plist.xml; name = Info.plist; path = Resources/Info.plist; sourceTree = "<group>"; };
		8D1107320486CEB800E47090 /* Color Blender.app */ = {isa = PBXFileReference; explicitFileType = wrapper.application; includeInIndex = 0; path = "Color Blender.app"; sourceTree = BUILT_PRODUCTS_DIR; };
/* End PBXFileReference section */

/* Begin PBXFrameworksBuildPhase section */
		8D11072E0486CEB800E47090 /* Frameworks */ = {
			isa = PBXFrameworksBuildPhase;
			buildActionMask = 2147483647;
			files = (
				8D11072F0486CEB800E47090 /* Cocoa.framework in Frameworks */,
			);
			runOnlyForDeploymentPostprocessing = 0;
		};
/* End PBXFrameworksBuildPhase section */

/* Begin PBXGroup section */
		080E96DDFE201D6D7F000001 /* Classes */ = {
			isa = PBXGroup;
			children = (
				270B1F7710DF06DE006ACB12 /* CBAppController.h */,
				270B1F7810DF06DE006ACB12 /* CBAppController.m */,
				270B1F7910DF06DE006ACB12 /* CBMenuController.h */,
				270B1F7A10DF06DE006ACB12 /* CBMenuController.m */,
				270B1F7B10DF06DE006ACB12 /* CBPrefController.h */,
				270B1F7C10DF06DE006ACB12 /* CBPrefController.m */,
				270B1F7D10DF06DE006ACB12 /* CBRGBColor.h */,
				270B1F7E10DF06DE006ACB12 /* CBRGBColor.m */,
			);
			name = Classes;
			sourceTree = "<group>";
		};
		19C28FACFE9D520D11CA2CBB /* Products */ = {
			isa = PBXGroup;
			children = (
				8D1107320486CEB800E47090 /* Color Blender.app */,
			);
			name = Products;
			sourceTree = "<group>";
		};
		27CB0AB908295DD20020B1CF /* Text Doc's */ = {
			isa = PBXGroup;
			children = (
				27CB0AC208295DF70020B1CF /* gpl.txt */,
				27CB0AA308295C650020B1CF /* Credits.rtf */,
			);
			name = "Text Doc's";
			sourceTree = "<group>";
		};
		29B97314FDCFA39411CA2CEA /* ColorBlender */ = {
			isa = PBXGroup;
			children = (
				080E96DDFE201D6D7F000001 /* Classes */,
				29B97315FDCFA39411CA2CEA /* Other Sources */,
				29B97317FDCFA39411CA2CEA /* Resources */,
				29B97323FDCFA39411CA2CEA /* Frameworks */,
				19C28FACFE9D520D11CA2CBB /* Products */,
			);
			name = ColorBlender;
			sourceTree = "<group>";
		};
		29B97315FDCFA39411CA2CEA /* Other Sources */ = {
			isa = PBXGroup;
			children = (
				32CA4F630368D1EE00C91783 /* ColorBlender_Prefix.pch */,
				29B97316FDCFA39411CA2CEA /* main.m */,
			);
			name = "Other Sources";
			sourceTree = "<group>";
		};
		29B97317FDCFA39411CA2CEA /* Resources */ = {
			isa = PBXGroup;
			children = (
				29B97318FDCFA39411CA2CEA /* MainMenu.nib */,
				27C964330B89F9F200BC88FF /* Preferences.nib */,
				275463B00B5D2639002427BD /* Credits.rtf */,
				27CB0AB908295DD20020B1CF /* Text Doc's */,
				272A4B720826BBC800323BA1 /* icon.icns */,
				8D1107310486CEB800E47090 /* Info.plist */,
				089C165CFE840E0CC02AAC07 /* InfoPlist.strings */,
				27392B9A0B77F1D10024ADA4 /* CHANGELOG.txt */,
			);
			name = Resources;
			sourceTree = "<group>";
		};
		29B97323FDCFA39411CA2CEA /* Frameworks */ = {
			isa = PBXGroup;
			children = (
				1058C7A1FEA54F0111CA2CBB /* Cocoa.framework */,
			);
			name = Frameworks;
			sourceTree = "<group>";
		};
/* End PBXGroup section */

/* Begin PBXNativeTarget section */
		8D1107260486CEB800E47090 /* Color Blender */ = {
			isa = PBXNativeTarget;
			buildConfigurationList = 273E21AF085648E200512B2E /* Build configuration list for PBXNativeTarget "Color Blender" */;
			buildPhases = (
				8D1107290486CEB800E47090 /* Resources */,
				8D11072C0486CEB800E47090 /* Sources */,
				8D11072E0486CEB800E47090 /* Frameworks */,
			);
			buildRules = (
			);
			dependencies = (
			);
			name = "Color Blender";
			productInstallPath = "$(HOME)/Applications";
			productName = ColorBlender;
			productReference = 8D1107320486CEB800E47090 /* Color Blender.app */;
			productType = "com.apple.product-type.application";
		};
/* End PBXNativeTarget section */

/* Begin PBXProject section */
		29B97313FDCFA39411CA2CEA /* Project object */ = {
			isa = PBXProject;
			buildConfigurationList = 273E21B3085648E200512B2E /* Build configuration list for PBXProject "ColorBlender" */;
			compatibilityVersion = "Xcode 2.4";
			hasScannedForEncodings = 1;
			mainGroup = 29B97314FDCFA39411CA2CEA /* ColorBlender */;
			projectDirPath = "";
			projectRoot = "";
			targets = (
				8D1107260486CEB800E47090 /* Color Blender */,
			);
		};
/* End PBXProject section */

/* Begin PBXResourcesBuildPhase section */
		8D1107290486CEB800E47090 /* Resources */ = {
			isa = PBXResourcesBuildPhase;
			buildActionMask = 2147483647;
			files = (
				8D11072A0486CEB800E47090 /* MainMenu.nib in Resources */,
				8D11072B0486CEB800E47090 /* InfoPlist.strings in Resources */,
				27C964340B89F9F200BC88FF /* Preferences.nib in Resources */,
				272A4B730826BBC900323BA1 /* icon.icns in Resources */,
				27CB0AC308295DF70020B1CF /* gpl.txt in Resources */,
				27392B9B0B77F1D10024ADA4 /* CHANGELOG.txt in Resources */,
			);
			runOnlyForDeploymentPostprocessing = 0;
		};
/* End PBXResourcesBuildPhase section */

/* Begin PBXSourcesBuildPhase section */
		8D11072C0486CEB800E47090 /* Sources */ = {
			isa = PBXSourcesBuildPhase;
			buildActionMask = 2147483647;
			files = (
				8D11072D0486CEB800E47090 /* main.m in Sources */,
				270B1F7F10DF06DE006ACB12 /* CBAppController.m in Sources */,
				270B1F8010DF06DE006ACB12 /* CBMenuController.m in Sources */,
				270B1F8110DF06DE006ACB12 /* CBPrefController.m in Sources */,
				270B1F8210DF06DE006ACB12 /* CBRGBColor.m in Sources */,
			);
			runOnlyForDeploymentPostprocessing = 0;
		};
/* End PBXSourcesBuildPhase section */

/* Begin PBXVariantGroup section */
		089C165CFE840E0CC02AAC07 /* InfoPlist.strings */ = {
			isa = PBXVariantGroup;
			children = (
				089C165DFE840E0CC02AAC07 /* English */,
			);
			name = InfoPlist.strings;
			sourceTree = "<group>";
		};
		27C964330B89F9F200BC88FF /* Preferences.nib */ = {
			isa = PBXVariantGroup;
			children = (
				4C72A93B080A951D00F4D8B9 /* English */,
				27C964370B89FA0700BC88FF /* French */,
			);
			name = Preferences.nib;
			sourceTree = "<group>";
		};
		29B97318FDCFA39411CA2CEA /* MainMenu.nib */ = {
			isa = PBXVariantGroup;
			children = (
				29B97319FDCFA39411CA2CEA /* English */,
				27C964280B89F98E00BC88FF /* French */,
			);
			name = MainMenu.nib;
			sourceTree = "<group>";
		};
/* End PBXVariantGroup section */

/* Begin XCBuildConfiguration section */
		273E21B0085648E200512B2E /* Development */ = {
			isa = XCBuildConfiguration;
			buildSettings = {
				COPY_PHASE_STRIP = NO;
				GCC_DYNAMIC_NO_PIC = NO;
				GCC_ENABLE_FIX_AND_CONTINUE = YES;
				GCC_GENERATE_DEBUGGING_SYMBOLS = YES;
				GCC_OPTIMIZATION_LEVEL = 0;
				GCC_PRECOMPILE_PREFIX_HEADER = YES;
				GCC_PREFIX_HEADER = ColorBlender_Prefix.pch;
				INFOPLIST_FILE = Info.plist;
				INSTALL_PATH = "$(HOME)/Applications";
				PRODUCT_NAME = "Color Blender";
				WRAPPER_EXTENSION = app;
				ZERO_LINK = YES;
			};
			name = Development;
		};
		273E21B1085648E200512B2E /* Deployment */ = {
			isa = XCBuildConfiguration;
			buildSettings = {
				ARCHS = (
					ppc,
					i386,
				);
				COPY_PHASE_STRIP = YES;
				GCC_ENABLE_FIX_AND_CONTINUE = NO;
				GCC_GENERATE_DEBUGGING_SYMBOLS = NO;
				GCC_PRECOMPILE_PREFIX_HEADER = YES;
				GCC_PREFIX_HEADER = ColorBlender_Prefix.pch;
				INFOPLIST_FILE = Info.plist;
				INSTALL_PATH = "$(HOME)/Applications";
				MACOSX_DEPLOYMENT_TARGET = 10.2;
				PRODUCT_NAME = "Color Blender";
				WRAPPER_EXTENSION = app;
				ZERO_LINK = NO;
			};
			name = Deployment;
		};
		273E21B4085648E200512B2E /* Development */ = {
			isa = XCBuildConfiguration;
			buildSettings = {
				MACOSX_DEPLOYMENT_TARGET = 10.4;
				ONLY_ACTIVE_ARCH = YES;
				SDKROOT = "";
			};
			name = Development;
		};
		273E21B5085648E200512B2E /* Deployment */ = {
			isa = XCBuildConfiguration;
			buildSettings = {
				ARCHS = (
					ppc,
					i386,
				);
				GCC_VERSION = 4.0;
				MACOSX_DEPLOYMENT_TARGET = 10.4;
				SDKROOT = /Developer/SDKs/MacOSX10.4u.sdk;
			};
			name = Deployment;
		};
/* End XCBuildConfiguration section */

/* Begin XCConfigurationList section */
		273E21AF085648E200512B2E /* Build configuration list for PBXNativeTarget "Color Blender" */ = {
			isa = XCConfigurationList;
			buildConfigurations = (
				273E21B0085648E200512B2E /* Development */,
				273E21B1085648E200512B2E /* Deployment */,
			);
			defaultConfigurationIsVisible = 0;
			defaultConfigurationName = Development;
		};
		273E21B3085648E200512B2E /* Build configuration list for PBXProject "ColorBlender" */ = {
			isa = XCConfigurationList;
			buildConfigurations = (
				273E21B4085648E200512B2E /* Development */,
				273E21B5085648E200512B2E /* Deployment */,
			);
			defaultConfigurationIsVisible = 0;
			defaultConfigurationName = Development;
		};
/* End XCConfigurationList section */
	};
	rootObject = 29B97313FDCFA39411CA2CEA /* Project object */;
}
